{
  "name": "deepseek-api",
  "version": "1.0.0",
  "lockfileVersion": 1,
  "requires": true,
  "dependencies": {
    "@esbuild/aix-ppc64": {
      "version": "0.25.2",
      "resolved": "http://r.npm.sankuai.com/@esbuild/aix-ppc64/download/@esbuild/aix-ppc64-0.25.2.tgz",
      "integrity": "sha1-uHA29kT1cu+ys8dXRsl9HS2HrOg=",
      "dev": true,
      "optional": true
    },
    "@esbuild/android-arm": {
      "version": "0.25.2",
      "resolved": "http://r.npm.sankuai.com/@esbuild/android-arm/download/@esbuild/android-arm-0.25.2.tgz",
      "integrity": "sha1-PEn2B7cILN5wxs4MARw2LFehlO4=",
      "dev": true,
      "optional": true
    },
    "@esbuild/android-arm64": {
      "version": "0.25.2",
      "resolved": "http://r.npm.sankuai.com/@esbuild/android-arm64/download/@esbuild/android-arm64-0.25.2.tgz",
      "integrity": "sha1-XKfcIKGPGJYK2NXm71z3sKJW4ZY=",
      "dev": true,
      "optional": true
    },
    "@esbuild/android-x64": {
      "version": "0.25.2",
      "resolved": "http://r.npm.sankuai.com/@esbuild/android-x64/download/@esbuild/android-x64-0.25.2.tgz",
      "integrity": "sha1-igAUd4ABav9Z4E8QNufLG2g4WeI=",
      "dev": true,
      "optional": true
    },
    "@esbuild/darwin-arm64": {
      "version": "0.25.2",
      "resolved": "http://r.npm.sankuai.com/@esbuild/darwin-arm64/download/@esbuild/darwin-arm64-0.25.2.tgz",
      "integrity": "sha1-SG7+dZmo2QoneA8rsDGNmoXGxCM=",
      "dev": true,
      "optional": true
    },
    "@esbuild/darwin-x64": {
      "version": "0.25.2",
      "resolved": "http://r.npm.sankuai.com/@esbuild/darwin-x64/download/@esbuild/darwin-x64-0.25.2.tgz",
      "integrity": "sha1-le4iKqz2aMek89fuh7MkClG683Q=",
      "dev": true,
      "optional": true
    },
    "@esbuild/freebsd-arm64": {
      "version": "0.25.2",
      "resolved": "http://r.npm.sankuai.com/@esbuild/freebsd-arm64/download/@esbuild/freebsd-arm64-0.25.2.tgz",
      "integrity": "sha1-Z+/O2oVUtvxqQ0dv66Bo+zf6LvY=",
      "dev": true,
      "optional": true
    },
    "@esbuild/freebsd-x64": {
      "version": "0.25.2",
      "resolved": "http://r.npm.sankuai.com/@esbuild/freebsd-x64/download/@esbuild/freebsd-x64-0.25.2.tgz",
      "integrity": "sha1-iKnX7N062tv+UifCEi0kgWlZuAk=",
      "dev": true,
      "optional": true
    },
    "@esbuild/linux-arm": {
      "version": "0.25.2",
      "resolved": "http://r.npm.sankuai.com/@esbuild/linux-arm/download/@esbuild/linux-arm-0.25.2.tgz",
      "integrity": "sha1-cqKFsP5kSW4ZH8rSIhhde/n4FvY=",
      "dev": true,
      "optional": true
    },
    "@esbuild/linux-arm64": {
      "version": "0.25.2",
      "resolved": "http://r.npm.sankuai.com/@esbuild/linux-arm64/download/@esbuild/linux-arm64-0.25.2.tgz",
      "integrity": "sha1-h74QmbK75hKCMzsIRzfUa8gwgFg=",
      "dev": true,
      "optional": true
    },
    "@esbuild/linux-ia32": {
      "version": "0.25.2",
      "resolved": "http://r.npm.sankuai.com/@esbuild/linux-ia32/download/@esbuild/linux-ia32-0.25.2.tgz",
      "integrity": "sha1-M3qHpMTdSKgyuu1cuwIr4ggJ1zc=",
      "dev": true,
      "optional": true
    },
    "@esbuild/linux-loong64": {
      "version": "0.25.2",
      "resolved": "http://r.npm.sankuai.com/@esbuild/linux-loong64/download/@esbuild/linux-loong64-0.25.2.tgz",
      "integrity": "sha1-G4GqdxA9a4qM+nwJTtPSXHV5uio=",
      "dev": true,
      "optional": true
    },
    "@esbuild/linux-mips64el": {
      "version": "0.25.2",
      "resolved": "http://r.npm.sankuai.com/@esbuild/linux-mips64el/download/@esbuild/linux-mips64el-0.25.2.tgz",
      "integrity": "sha1-r744C2mS50Wb98LDuVVmM7LkfzA=",
      "dev": true,
      "optional": true
    },
    "@esbuild/linux-ppc64": {
      "version": "0.25.2",
      "resolved": "http://r.npm.sankuai.com/@esbuild/linux-ppc64/download/@esbuild/linux-ppc64-0.25.2.tgz",
      "integrity": "sha1-a/hpXKuKKxNcyhqlVSJtyTLVIGc=",
      "dev": true,
      "optional": true
    },
    "@esbuild/linux-riscv64": {
      "version": "0.25.2",
      "resolved": "http://r.npm.sankuai.com/@esbuild/linux-riscv64/download/@esbuild/linux-riscv64-0.25.2.tgz",
      "integrity": "sha1-Q8LWeho5GZ+wa6l4rrtEmS177MM=",
      "dev": true,
      "optional": true
    },
    "@esbuild/linux-s390x": {
      "version": "0.25.2",
      "resolved": "http://r.npm.sankuai.com/@esbuild/linux-s390x/download/@esbuild/linux-s390x-0.25.2.tgz",
      "integrity": "sha1-QZ4lc37IFcbc4s0g0CbjR8u3pgI=",
      "dev": true,
      "optional": true
    },
    "@esbuild/linux-x64": {
      "version": "0.25.2",
      "resolved": "http://r.npm.sankuai.com/@esbuild/linux-x64/download/@esbuild/linux-x64-0.25.2.tgz",
      "integrity": "sha1-IkUfbtu6hKvnVKjL2FKP9uKNm8s=",
      "dev": true,
      "optional": true
    },
    "@esbuild/netbsd-arm64": {
      "version": "0.25.2",
      "resolved": "http://r.npm.sankuai.com/@esbuild/netbsd-arm64/download/@esbuild/netbsd-arm64-0.25.2.tgz",
      "integrity": "sha1-dEr/07jYI2sIxSENgosGmKYsWKw=",
      "dev": true,
      "optional": true
    },
    "@esbuild/netbsd-x64": {
      "version": "0.25.2",
      "resolved": "http://r.npm.sankuai.com/@esbuild/netbsd-x64/download/@esbuild/netbsd-x64-0.25.2.tgz",
      "integrity": "sha1-2751If1tc1LzQyjWdq+SP8D4p48=",
      "dev": true,
      "optional": true
    },
    "@esbuild/openbsd-arm64": {
      "version": "0.25.2",
      "resolved": "http://r.npm.sankuai.com/@esbuild/openbsd-arm64/download/@esbuild/openbsd-arm64-0.25.2.tgz",
      "integrity": "sha1-+cr5h+PgVwUAgytIfOMDnKZIzp8=",
      "dev": true,
      "optional": true
    },
    "@esbuild/openbsd-x64": {
      "version": "0.25.2",
      "resolved": "http://r.npm.sankuai.com/@esbuild/openbsd-x64/download/@esbuild/openbsd-x64-0.25.2.tgz",
      "integrity": "sha1-0rtqD4/+p7OUu0PfzLsHyr2J92g=",
      "dev": true,
      "optional": true
    },
    "@esbuild/sunos-x64": {
      "version": "0.25.2",
      "resolved": "http://r.npm.sankuai.com/@esbuild/sunos-x64/download/@esbuild/sunos-x64-0.25.2.tgz",
      "integrity": "sha1-SbQ37WP+MzuSE3t6DGWmWFIDGvs=",
      "dev": true,
      "optional": true
    },
    "@esbuild/win32-arm64": {
      "version": "0.25.2",
      "resolved": "http://r.npm.sankuai.com/@esbuild/win32-arm64/download/@esbuild/win32-arm64-0.25.2.tgz",
      "integrity": "sha1-CBQkFoRjx9bH+3j2Ma7eDBBDc88=",
      "dev": true,
      "optional": true
    },
    "@esbuild/win32-ia32": {
      "version": "0.25.2",
      "resolved": "http://r.npm.sankuai.com/@esbuild/win32-ia32/download/@esbuild/win32-ia32-0.25.2.tgz",
      "integrity": "sha1-P56HFD3dADEz0hOElEpsbK35aT8=",
      "dev": true,
      "optional": true
    },
    "@esbuild/win32-x64": {
      "version": "0.25.2",
      "resolved": "http://r.npm.sankuai.com/@esbuild/win32-x64/download/@esbuild/win32-x64-0.25.2.tgz",
      "integrity": "sha1-g59ywt7NN4+GuPUl4Zeal7kgxn0=",
      "dev": true,
      "optional": true
    },
    "@rollup/rollup-android-arm-eabi": {
      "version": "4.39.0",
      "resolved": "http://r.npm.sankuai.com/@rollup/rollup-android-arm-eabi/download/@rollup/rollup-android-arm-eabi-4.39.0.tgz",
      "integrity": "sha1-HYzF3T2P/ladj39npFx5CYKKD2Y=",
      "dev": true,
      "optional": true
    },
    "@rollup/rollup-android-arm64": {
      "version": "4.39.0",
      "resolved": "http://r.npm.sankuai.com/@rollup/rollup-android-arm64/download/@rollup/rollup-android-arm64-4.39.0.tgz",
      "integrity": "sha1-nBNgNNPZ7SnQsTjHTdY8V0RQf8o=",
      "dev": true,
      "optional": true
    },
    "@rollup/rollup-darwin-arm64": {
      "version": "4.39.0",
      "resolved": "http://r.npm.sankuai.com/@rollup/rollup-darwin-arm64/download/@rollup/rollup-darwin-arm64-4.39.0.tgz",
      "integrity": "sha1-gw0HeU1qQHwStIS4z3Gv/U04AKY=",
      "dev": true,
      "optional": true
    },
    "@rollup/rollup-darwin-x64": {
      "version": "4.39.0",
      "resolved": "http://r.npm.sankuai.com/@rollup/rollup-darwin-x64/download/@rollup/rollup-darwin-x64-4.39.0.tgz",
      "integrity": "sha1-sm8PRwBcH6VBmogPMj7VCdyNiFw=",
      "dev": true,
      "optional": true
    },
    "@rollup/rollup-freebsd-arm64": {
      "version": "4.39.0",
      "resolved": "http://r.npm.sankuai.com/@rollup/rollup-freebsd-arm64/download/@rollup/rollup-freebsd-arm64-4.39.0.tgz",
      "integrity": "sha1-K2DIGsAf99G8jfZq7ngItmkMbRk=",
      "dev": true,
      "optional": true
    },
    "@rollup/rollup-freebsd-x64": {
      "version": "4.39.0",
      "resolved": "http://r.npm.sankuai.com/@rollup/rollup-freebsd-x64/download/@rollup/rollup-freebsd-x64-4.39.0.tgz",
      "integrity": "sha1-SCavMPTZM9giISiQaIRslinMYow=",
      "dev": true,
      "optional": true
    },
    "@rollup/rollup-linux-arm-gnueabihf": {
      "version": "4.39.0",
      "resolved": "http://r.npm.sankuai.com/@rollup/rollup-linux-arm-gnueabihf/download/@rollup/rollup-linux-arm-gnueabihf-4.39.0.tgz",
      "integrity": "sha1-ofT5Y9XcyeVXXHrPmRGCSAZDa/c=",
      "dev": true,
      "optional": true
    },
    "@rollup/rollup-linux-arm-musleabihf": {
      "version": "4.39.0",
      "resolved": "http://r.npm.sankuai.com/@rollup/rollup-linux-arm-musleabihf/download/@rollup/rollup-linux-arm-musleabihf-4.39.0.tgz",
      "integrity": "sha1-6SSwqLfEAAiRRvYnhEbms5i3WgY=",
      "dev": true,
      "optional": true
    },
    "@rollup/rollup-linux-arm64-gnu": {
      "version": "4.39.0",
      "resolved": "http://r.npm.sankuai.com/@rollup/rollup-linux-arm64-gnu/download/@rollup/rollup-linux-arm64-gnu-4.39.0.tgz",
      "integrity": "sha1-y0MwMnTsmnFvRECwGrTiDCOuviA=",
      "dev": true,
      "optional": true
    },
    "@rollup/rollup-linux-arm64-musl": {
      "version": "4.39.0",
      "resolved": "http://r.npm.sankuai.com/@rollup/rollup-linux-arm64-musl/download/@rollup/rollup-linux-arm64-musl-4.39.0.tgz",
      "integrity": "sha1-UxySUzzj0WfyERv80qoaIEEmaYc=",
      "dev": true,
      "optional": true
    },
    "@rollup/rollup-linux-loongarch64-gnu": {
      "version": "4.39.0",
      "resolved": "http://r.npm.sankuai.com/@rollup/rollup-linux-loongarch64-gnu/download/@rollup/rollup-linux-loongarch64-gnu-4.39.0.tgz",
      "integrity": "sha1-U0A4iXVdDDfJJlCq0BbVsGwbBho=",
      "dev": true,
      "optional": true
    },
    "@rollup/rollup-linux-powerpc64le-gnu": {
      "version": "4.39.0",
      "resolved": "http://r.npm.sankuai.com/@rollup/rollup-linux-powerpc64le-gnu/download/@rollup/rollup-linux-powerpc64le-gnu-4.39.0.tgz",
      "integrity": "sha1-9mnxYuKQlMgZxQnpnb7O1Y/HCPk=",
      "dev": true,
      "optional": true
    },
    "@rollup/rollup-linux-riscv64-gnu": {
      "version": "4.39.0",
      "resolved": "http://r.npm.sankuai.com/@rollup/rollup-linux-riscv64-gnu/download/@rollup/rollup-linux-riscv64-gnu-4.39.0.tgz",
      "integrity": "sha1-S6s3NTsRvNpadMoRuZ3qkpZX/V8=",
      "dev": true,
      "optional": true
    },
    "@rollup/rollup-linux-riscv64-musl": {
      "version": "4.39.0",
      "resolved": "http://r.npm.sankuai.com/@rollup/rollup-linux-riscv64-musl/download/@rollup/rollup-linux-riscv64-musl-4.39.0.tgz",
      "integrity": "sha1-TWa+HOPP1Ap5EOs03dx8vUwt0qU=",
      "dev": true,
      "optional": true
    },
    "@rollup/rollup-linux-s390x-gnu": {
      "version": "4.39.0",
      "resolved": "http://r.npm.sankuai.com/@rollup/rollup-linux-s390x-gnu/download/@rollup/rollup-linux-s390x-gnu-4.39.0.tgz",
      "integrity": "sha1-cYHDKTle1TNAoMWWeK0wSplif20=",
      "dev": true,
      "optional": true
    },
    "@rollup/rollup-linux-x64-gnu": {
      "version": "4.39.0",
      "resolved": "http://r.npm.sankuai.com/@rollup/rollup-linux-x64-gnu/download/@rollup/rollup-linux-x64-gnu-4.39.0.tgz",
      "integrity": "sha1-AIJbNFgJTVwny07Wboi/6fHmX5A=",
      "dev": true,
      "optional": true
    },
    "@rollup/rollup-linux-x64-musl": {
      "version": "4.39.0",
      "resolved": "http://r.npm.sankuai.com/@rollup/rollup-linux-x64-musl/download/@rollup/rollup-linux-x64-musl-4.39.0.tgz",
      "integrity": "sha1-gcqsKjG4dUGG86zBQpU6F4/Nb7o=",
      "dev": true,
      "optional": true
    },
    "@rollup/rollup-win32-arm64-msvc": {
      "version": "4.39.0",
      "resolved": "http://r.npm.sankuai.com/@rollup/rollup-win32-arm64-msvc/download/@rollup/rollup-win32-arm64-msvc-4.39.0.tgz",
      "integrity": "sha1-Oj9CH1zpvZntIM4WYMznzuPp8Zk=",
      "dev": true,
      "optional": true
    },
    "@rollup/rollup-win32-ia32-msvc": {
      "version": "4.39.0",
      "resolved": "http://r.npm.sankuai.com/@rollup/rollup-win32-ia32-msvc/download/@rollup/rollup-win32-ia32-msvc-4.39.0.tgz",
      "integrity": "sha1-pEly1c3UhN/ZzzcFqIS/DCt3hac=",
      "dev": true,
      "optional": true
    },
    "@rollup/rollup-win32-x64-msvc": {
      "version": "4.39.0",
      "resolved": "http://r.npm.sankuai.com/@rollup/rollup-win32-x64-msvc/download/@rollup/rollup-win32-x64-msvc-4.39.0.tgz",
      "integrity": "sha1-v+AhThY/cMT+wcj3u4ziZvTAW34=",
      "dev": true,
      "optional": true
    },
    "@types/estree": {
      "version": "1.0.7",
      "resolved": "http://r.npm.sankuai.com/@types/estree/download/@types/estree-1.0.7.tgz",
      "integrity": "sha1-QVjTEFJ2dz1bdpXNSDSxci5PN6g=",
      "dev": true
    },
    "esbuild": {
      "version": "0.25.2",
      "resolved": "http://r.npm.sankuai.com/esbuild/download/esbuild-0.25.2.tgz",
      "integrity": "sha1-VaHZ68s6ovlei7qekAwaUGG8Fos=",
      "dev": true,
      "requires": {
        "@esbuild/aix-ppc64": "0.25.2",
        "@esbuild/android-arm": "0.25.2",
        "@esbuild/android-arm64": "0.25.2",
        "@esbuild/android-x64": "0.25.2",
        "@esbuild/darwin-arm64": "0.25.2",
        "@esbuild/darwin-x64": "0.25.2",
        "@esbuild/freebsd-arm64": "0.25.2",
        "@esbuild/freebsd-x64": "0.25.2",
        "@esbuild/linux-arm": "0.25.2",
        "@esbuild/linux-arm64": "0.25.2",
        "@esbuild/linux-ia32": "0.25.2",
        "@esbuild/linux-loong64": "0.25.2",
        "@esbuild/linux-mips64el": "0.25.2",
        "@esbuild/linux-ppc64": "0.25.2",
        "@esbuild/linux-riscv64": "0.25.2",
        "@esbuild/linux-s390x": "0.25.2",
        "@esbuild/linux-x64": "0.25.2",
        "@esbuild/netbsd-arm64": "0.25.2",
        "@esbuild/netbsd-x64": "0.25.2",
        "@esbuild/openbsd-arm64": "0.25.2",
        "@esbuild/openbsd-x64": "0.25.2",
        "@esbuild/sunos-x64": "0.25.2",
        "@esbuild/win32-arm64": "0.25.2",
        "@esbuild/win32-ia32": "0.25.2",
        "@esbuild/win32-x64": "0.25.2"
      }
    },
    "fsevents": {
      "version": "2.3.3",
      "resolved": "http://r.npm.sankuai.com/fsevents/download/fsevents-2.3.3.tgz",
      "integrity": "sha1-ysZAd4XQNnWipeGlMFxpezR9kNY=",
      "dev": true,
      "optional": true
    },
    "nanoid": {
      "version": "3.3.11",
      "resolved": "http://r.npm.sankuai.com/nanoid/download/nanoid-3.3.11.tgz",
      "integrity": "sha1-T08RLO++MDIC8hmYOBKJNiZtGFs=",
      "dev": true
    },
    "picocolors": {
      "version": "1.1.1",
      "resolved": "http://r.npm.sankuai.com/picocolors/download/picocolors-1.1.1.tgz",
      "integrity": "sha1-PTIa8+q5ObCDyPkpodEs2oHCa2s=",
      "dev": true
    },
    "postcss": {
      "version": "8.5.3",
      "resolved": "http://r.npm.sankuai.com/postcss/download/postcss-8.5.3.tgz",
      "integrity": "sha1-FGO28cf7Fv4lhzbLopot41I36vs=",
      "dev": true,
      "requires": {
        "nanoid": "^3.3.8",
        "picocolors": "^1.1.1",
        "source-map-js": "^1.2.1"
      }
    },
    "rollup": {
      "version": "4.39.0",
      "resolved": "http://r.npm.sankuai.com/rollup/download/rollup-4.39.0.tgz",
      "integrity": "sha1-ncEBO3DA4stw7yg1AULpuBs/ZAw=",
      "dev": true,
      "requires": {
        "@rollup/rollup-android-arm-eabi": "4.39.0",
        "@rollup/rollup-android-arm64": "4.39.0",
        "@rollup/rollup-darwin-arm64": "4.39.0",
        "@rollup/rollup-darwin-x64": "4.39.0",
        "@rollup/rollup-freebsd-arm64": "4.39.0",
        "@rollup/rollup-freebsd-x64": "4.39.0",
        "@rollup/rollup-linux-arm-gnueabihf": "4.39.0",
        "@rollup/rollup-linux-arm-musleabihf": "4.39.0",
        "@rollup/rollup-linux-arm64-gnu": "4.39.0",
        "@rollup/rollup-linux-arm64-musl": "4.39.0",
        "@rollup/rollup-linux-loongarch64-gnu": "4.39.0",
        "@rollup/rollup-linux-powerpc64le-gnu": "4.39.0",
        "@rollup/rollup-linux-riscv64-gnu": "4.39.0",
        "@rollup/rollup-linux-riscv64-musl": "4.39.0",
        "@rollup/rollup-linux-s390x-gnu": "4.39.0",
        "@rollup/rollup-linux-x64-gnu": "4.39.0",
        "@rollup/rollup-linux-x64-musl": "4.39.0",
        "@rollup/rollup-win32-arm64-msvc": "4.39.0",
        "@rollup/rollup-win32-ia32-msvc": "4.39.0",
        "@rollup/rollup-win32-x64-msvc": "4.39.0",
        "@types/estree": "1.0.7",
        "fsevents": "~2.3.2"
      }
    },
    "source-map-js": {
      "version": "1.2.1",
      "resolved": "http://r.npm.sankuai.com/source-map-js/download/source-map-js-1.2.1.tgz",
      "integrity": "sha1-HOVlD93YerwJnto33P8CTCZnrkY=",
      "dev": true
    },
    "vite": {
      "version": "6.2.6",
      "resolved": "http://r.npm.sankuai.com/vite/download/vite-6.2.6.tgz",
      "integrity": "sha1-fwzPL9wMHtoHnOJYUIco4kc9P2E=",
      "dev": true,
      "requires": {
        "esbuild": "^0.25.0",
        "fsevents": "~2.3.3",
        "postcss": "^8.5.3",
        "rollup": "^4.30.1"
      }
    }
  }
}
