{
  "name": "server",
  "version": "1.0.0",
  "lockfileVersion": 1,
  "requires": true,
  "dependencies": {
    "@types/node": {
      "version": "18.19.86",
      "resolved": "http://r.npm.sankuai.com/@types/node/download/@types/node-18.19.86.tgz",
      "integrity": "sha1-p+F4UonDQxVVeLnYSg4+kk3rlIs=",
      "requires": {
        "undici-types": "~5.26.4"
      }
    },
    "@types/node-fetch": {
      "version": "2.6.12",
      "resolved": "http://r.npm.sankuai.com/@types/node-fetch/download/@types/node-fetch-2.6.12.tgz",
      "integrity": "sha1-irXD74Mw8TEAp0eeLNVtM4aDCgM=",
      "requires": {
        "@types/node": "*",
        "form-data": "^4.0.0"
      }
    },
    "abort-controller": {
      "version": "3.0.0",
      "resolved": "http://r.npm.sankuai.com/abort-controller/download/abort-controller-3.0.0.tgz",
      "integrity": "sha1-6vVNU7YrrkE46AnKIlyEOabvs5I=",
      "requires": {
        "event-target-shim": "^5.0.0"
      }
    },
    "agentkeepalive": {
      "version": "4.6.0",
      "resolved": "http://r.npm.sankuai.com/agentkeepalive/download/agentkeepalive-4.6.0.tgz",
      "integrity": "sha1-Nfc+lLP0C/ZfEFIZxiOtGcE26mo=",
      "requires": {
        "humanize-ms": "^1.2.1"
      }
    },
    "asynckit": {
      "version": "0.4.0",
      "resolved": "http://r.npm.sankuai.com/asynckit/download/asynckit-0.4.0.tgz",
      "integrity": "sha1-x57Zf380y48robyXkLzDZkdLS3k="
    },
    "call-bind-apply-helpers": {
      "version": "1.0.2",
      "resolved": "http://r.npm.sankuai.com/call-bind-apply-helpers/download/call-bind-apply-helpers-1.0.2.tgz",
      "integrity": "sha1-S1QowiK+mF15w9gmV0edvgtZstY=",
      "requires": {
        "es-errors": "^1.3.0",
        "function-bind": "^1.1.2"
      }
    },
    "combined-stream": {
      "version": "1.0.8",
      "resolved": "http://r.npm.sankuai.com/combined-stream/download/combined-stream-1.0.8.tgz",
      "integrity": "sha1-w9RaizT9cwYxoRCoolIGgrMdWn8=",
      "requires": {
        "delayed-stream": "~1.0.0"
      }
    },
    "delayed-stream": {
      "version": "1.0.0",
      "resolved": "http://r.npm.sankuai.com/delayed-stream/download/delayed-stream-1.0.0.tgz",
      "integrity": "sha1-3zrhmayt+31ECqrgsp4icrJOxhk="
    },
    "dotenv": {
      "version": "16.4.7",
      "resolved": "http://r.npm.sankuai.com/dotenv/download/dotenv-16.4.7.tgz",
      "integrity": "sha1-DiDFuClQFAqpm+NgqKX1IzX1PCY="
    },
    "dunder-proto": {
      "version": "1.0.1",
      "resolved": "http://r.npm.sankuai.com/dunder-proto/download/dunder-proto-1.0.1.tgz",
      "integrity": "sha1-165mfh3INIL4tw/Q9u78UNow9Yo=",
      "requires": {
        "call-bind-apply-helpers": "^1.0.1",
        "es-errors": "^1.3.0",
        "gopd": "^1.2.0"
      }
    },
    "es-define-property": {
      "version": "1.0.1",
      "resolved": "http://r.npm.sankuai.com/es-define-property/download/es-define-property-1.0.1.tgz",
      "integrity": "sha1-mD6y+aZyTpMD9hrd8BHHLgngsPo="
    },
    "es-errors": {
      "version": "1.3.0",
      "resolved": "http://r.npm.sankuai.com/es-errors/download/es-errors-1.3.0.tgz",
      "integrity": "sha1-BfdaJdq5jk+x3NXhRywFRtUFfI8="
    },
    "es-object-atoms": {
      "version": "1.1.1",
      "resolved": "http://r.npm.sankuai.com/es-object-atoms/download/es-object-atoms-1.1.1.tgz",
      "integrity": "sha1-HE8sSDcydZfOadLKGQp/3RcjOME=",
      "requires": {
        "es-errors": "^1.3.0"
      }
    },
    "es-set-tostringtag": {
      "version": "2.1.0",
      "resolved": "http://r.npm.sankuai.com/es-set-tostringtag/download/es-set-tostringtag-2.1.0.tgz",
      "integrity": "sha1-8x274MGDsAptJutjJcgQwP0YvU0=",
      "requires": {
        "es-errors": "^1.3.0",
        "get-intrinsic": "^1.2.6",
        "has-tostringtag": "^1.0.2",
        "hasown": "^2.0.2"
      }
    },
    "event-target-shim": {
      "version": "5.0.1",
      "resolved": "http://r.npm.sankuai.com/event-target-shim/download/event-target-shim-5.0.1.tgz",
      "integrity": "sha1-XU0+vflYPWOlMzzi3rdICrKwV4k="
    },
    "form-data": {
      "version": "4.0.2",
      "resolved": "http://r.npm.sankuai.com/form-data/download/form-data-4.0.2.tgz",
      "integrity": "sha1-Ncq73TDDznPessQtPI0+2cpReUw=",
      "requires": {
        "asynckit": "^0.4.0",
        "combined-stream": "^1.0.8",
        "es-set-tostringtag": "^2.1.0",
        "mime-types": "^2.1.12"
      }
    },
    "form-data-encoder": {
      "version": "1.7.2",
      "resolved": "http://r.npm.sankuai.com/form-data-encoder/download/form-data-encoder-1.7.2.tgz",
      "integrity": "sha1-Hxrj3M9Y7UaQuG2H5PV8ZU+6sEA="
    },
    "formdata-node": {
      "version": "4.4.1",
      "resolved": "http://r.npm.sankuai.com/formdata-node/download/formdata-node-4.4.1.tgz",
      "integrity": "sha1-I/aly5y1UxWRLL7E/3sPWbvRkeI=",
      "requires": {
        "node-domexception": "1.0.0",
        "web-streams-polyfill": "4.0.0-beta.3"
      }
    },
    "function-bind": {
      "version": "1.1.2",
      "resolved": "http://r.npm.sankuai.com/function-bind/download/function-bind-1.1.2.tgz",
      "integrity": "sha1-LALYZNl/PqbIgwxGTL0Rq26rehw="
    },
    "get-intrinsic": {
      "version": "1.3.0",
      "resolved": "http://r.npm.sankuai.com/get-intrinsic/download/get-intrinsic-1.3.0.tgz",
      "integrity": "sha1-dD8OO2lkqTpUke0b/6rgVNf5jQE=",
      "requires": {
        "call-bind-apply-helpers": "^1.0.2",
        "es-define-property": "^1.0.1",
        "es-errors": "^1.3.0",
        "es-object-atoms": "^1.1.1",
        "function-bind": "^1.1.2",
        "get-proto": "^1.0.1",
        "gopd": "^1.2.0",
        "has-symbols": "^1.1.0",
        "hasown": "^2.0.2",
        "math-intrinsics": "^1.1.0"
      }
    },
    "get-proto": {
      "version": "1.0.1",
      "resolved": "http://r.npm.sankuai.com/get-proto/download/get-proto-1.0.1.tgz",
      "integrity": "sha1-FQs/J0OGnvPoUewMSdFbHRTQDuE=",
      "requires": {
        "dunder-proto": "^1.0.1",
        "es-object-atoms": "^1.0.0"
      }
    },
    "gopd": {
      "version": "1.2.0",
      "resolved": "http://r.npm.sankuai.com/gopd/download/gopd-1.2.0.tgz",
      "integrity": "sha1-ifVrghe9vIgCvSmd9tfxCB1+UaE="
    },
    "has-symbols": {
      "version": "1.1.0",
      "resolved": "http://r.npm.sankuai.com/has-symbols/download/has-symbols-1.1.0.tgz",
      "integrity": "sha1-/JxqeDoISVHQuXH+EBjegTcHozg="
    },
    "has-tostringtag": {
      "version": "1.0.2",
      "resolved": "http://r.npm.sankuai.com/has-tostringtag/download/has-tostringtag-1.0.2.tgz",
      "integrity": "sha1-LNxC1AvvLltO6rfAGnPFTOerWrw=",
      "requires": {
        "has-symbols": "^1.0.3"
      }
    },
    "hasown": {
      "version": "2.0.2",
      "resolved": "http://r.npm.sankuai.com/hasown/download/hasown-2.0.2.tgz",
      "integrity": "sha1-AD6vkb563DcuhOxZ3DclLO24AAM=",
      "requires": {
        "function-bind": "^1.1.2"
      }
    },
    "humanize-ms": {
      "version": "1.2.1",
      "resolved": "http://r.npm.sankuai.com/humanize-ms/download/humanize-ms-1.2.1.tgz",
      "integrity": "sha1-xG4xWaKT9riW2ikxbYtv6Lt5u+0=",
      "requires": {
        "ms": "^2.0.0"
      }
    },
    "math-intrinsics": {
      "version": "1.1.0",
      "resolved": "http://r.npm.sankuai.com/math-intrinsics/download/math-intrinsics-1.1.0.tgz",
      "integrity": "sha1-oN10voHiqlwvJ+Zc4oNgXuTit/k="
    },
    "mime-db": {
      "version": "1.52.0",
      "resolved": "http://r.npm.sankuai.com/mime-db/download/mime-db-1.52.0.tgz",
      "integrity": "sha1-u6vNwChZ9JhzAchW4zh85exDv3A="
    },
    "mime-types": {
      "version": "2.1.35",
      "resolved": "http://r.npm.sankuai.com/mime-types/download/mime-types-2.1.35.tgz",
      "integrity": "sha1-OBqHG2KnNEUGYK497uRIE/cNlZo=",
      "requires": {
        "mime-db": "1.52.0"
      }
    },
    "ms": {
      "version": "2.1.3",
      "resolved": "http://r.npm.sankuai.com/ms/download/ms-2.1.3.tgz",
      "integrity": "sha1-V0yBOM4dK1hh8LRFedut1gxmFbI="
    },
    "node-domexception": {
      "version": "1.0.0",
      "resolved": "http://r.npm.sankuai.com/node-domexception/download/node-domexception-1.0.0.tgz",
      "integrity": "sha1-aIjbRqH3HAt2s/dVUBa2P+ZHZuU="
    },
    "node-fetch": {
      "version": "2.7.0",
      "resolved": "http://r.npm.sankuai.com/node-fetch/download/node-fetch-2.7.0.tgz",
      "integrity": "sha1-0PD6bj4twdJ+/NitmdVQvalNGH0=",
      "requires": {
        "whatwg-url": "^5.0.0"
      }
    },
    "openai": {
      "version": "4.91.1",
      "resolved": "http://r.npm.sankuai.com/openai/download/openai-4.91.1.tgz",
      "integrity": "sha1-Us7srxm/6QvNooQYsiZtuBQ5QB0=",
      "requires": {
        "@types/node": "^18.11.18",
        "@types/node-fetch": "^2.6.4",
        "abort-controller": "^3.0.0",
        "agentkeepalive": "^4.2.1",
        "form-data-encoder": "1.7.2",
        "formdata-node": "^4.3.2",
        "node-fetch": "^2.6.7"
      }
    },
    "tr46": {
      "version": "0.0.3",
      "resolved": "http://r.npm.sankuai.com/tr46/download/tr46-0.0.3.tgz",
      "integrity": "sha1-gYT9NH2snNwYWZLzpmIuFLnZq2o="
    },
    "undici-types": {
      "version": "5.26.5",
      "resolved": "http://r.npm.sankuai.com/undici-types/download/undici-types-5.26.5.tgz",
      "integrity": "sha1-vNU5iT0AtW6WT9JlekhmsiGmVhc="
    },
    "web-streams-polyfill": {
      "version": "4.0.0-beta.3",
      "resolved": "http://r.npm.sankuai.com/web-streams-polyfill/download/web-streams-polyfill-4.0.0-beta.3.tgz",
      "integrity": "sha1-KJhIa3T1FWCV5HPv6Ync8YUEejg="
    },
    "webidl-conversions": {
      "version": "3.0.1",
      "resolved": "http://r.npm.sankuai.com/webidl-conversions/download/webidl-conversions-3.0.1.tgz",
      "integrity": "sha1-JFNCdeKnvGvnvIZhHMFq4KVlSHE="
    },
    "whatwg-url": {
      "version": "5.0.0",
      "resolved": "http://r.npm.sankuai.com/whatwg-url/download/whatwg-url-5.0.0.tgz",
      "integrity": "sha1-lmRU6HZUYuN2RNNib2dCzotwll0=",
      "requires": {
        "tr46": "~0.0.3",
        "webidl-conversions": "^3.0.0"
      }
    }
  }
}
